
Microsoft Visual Studio Solution File, Format Version 12.00
# Visual Studio Version 17
VisualStudioVersion = 17.14.36408.4 d17.14
MinimumVisualStudioVersion = 10.0.40219.1
Project("{FAE04EC0-301F-11D3-BF4B-00C04F79EFBC}") = "ProjectForTraining", "ProjectForTraining\ProjectForTraining.csproj", "{A8F67F3E-1A78-4EF3-B078-573E48321ED4}"
EndProject
Global
	GlobalSection(SolutionConfigurationPlatforms) = preSolution
		Debug|Any CPU = Debug|Any CPU
		Release|Any CPU = Release|Any CPU
	EndGlobalSection
	GlobalSection(ProjectConfigurationPlatforms) = postSolution
		{A8F67F3E-1A78-4EF3-B078-573E48321ED4}.Debug|Any CPU.ActiveCfg = Debug|Any CPU
		{A8F67F3E-1A78-4EF3-B078-573E48321ED4}.Debug|Any CPU.Build.0 = Debug|Any CPU
		{A8F67F3E-1A78-4EF3-B078-573E48321ED4}.Release|Any CPU.ActiveCfg = Release|Any CPU
		{A8F67F3E-1A78-4EF3-B078-573E48321ED4}.Release|Any CPU.Build.0 = Release|Any CPU
	EndGlobalSection
	GlobalSection(SolutionProperties) = preSolution
		HideSolutionNode = FALSE
	EndGlobalSection
	GlobalSection(ExtensibilityGlobals) = postSolution
		SolutionGuid = {682718EF-4142-45FE-A104-1B5CAD3C21B0}
	EndGlobalSection
EndGlobal
